
Microsoft Visual Studio Solution File, Format Version 12.00
# Visual Studio Version 16
VisualStudioVersion = 16.0.29215.179
MinimumVisualStudioVersion = 10.0.40219.1
Project("{FAE04EC0-301F-11D3-BF4B-00C04F79EFBC}") = "aggregate-gdp", "aggregate-gdp\aggregate-gdp.csproj", "{43CE0DC7-5504-4B8F-A82F-025D33BDA5A5}"
EndProject
Project("{FAE04EC0-301F-11D3-BF4B-00C04F79EFBC}") = "aggregate.Tests", "aggregate.Tests\aggregate.Tests.csproj", "{90F30D1F-DA02-42D3-9185-DE437C24F07C}"
EndProject
Global
	GlobalSection(SolutionConfigurationPlatforms) = preSolution
		Debug|Any CPU = Debug|Any CPU
		Release|Any CPU = Release|Any CPU
	EndGlobalSection
	GlobalSection(ProjectConfigurationPlatforms) = postSolution
		{43CE0DC7-5504-4B8F-A82F-025D33BDA5A5}.Debug|Any CPU.ActiveCfg = Debug|Any CPU
		{43CE0DC7-5504-4B8F-A82F-025D33BDA5A5}.Debug|Any CPU.Build.0 = Debug|Any CPU
		{43CE0DC7-5504-4B8F-A82F-025D33BDA5A5}.Release|Any CPU.ActiveCfg = Release|Any CPU
		{43CE0DC7-5504-4B8F-A82F-025D33BDA5A5}.Release|Any CPU.Build.0 = Release|Any CPU
		{90F30D1F-DA02-42D3-9185-DE437C24F07C}.Debug|Any CPU.ActiveCfg = Debug|Any CPU
		{90F30D1F-DA02-42D3-9185-DE437C24F07C}.Debug|Any CPU.Build.0 = Debug|Any CPU
		{90F30D1F-DA02-42D3-9185-DE437C24F07C}.Release|Any CPU.ActiveCfg = Release|Any CPU
		{90F30D1F-DA02-42D3-9185-DE437C24F07C}.Release|Any CPU.Build.0 = Release|Any CPU
	EndGlobalSection
	GlobalSection(SolutionProperties) = preSolution
		HideSolutionNode = FALSE
	EndGlobalSection
	GlobalSection(ExtensibilityGlobals) = postSolution
		SolutionGuid = {76F25BBF-8B7F-4045-9977-D260FC9AD4E0}
	EndGlobalSection
EndGlobal
